
Microsoft Visual Studio Solution File, Format Version 12.00
# Visual Studio Version 18
VisualStudioVersion = 18.6.11709.129 insiders
MinimumVisualStudioVersion = 10.0.40219.1
Project("{FAE04EC0-301F-11D3-BF4B-00C04F79EFBC}") = "ProjetoAcelera", "ProjetoAcelera.csproj", "{1E1EE09E-40DF-4FD6-8A03-798F85BBC793}"
EndProject
Project("{2150E333-8FDC-42A3-9474-1A3956D46DE8}") = "Itens de Solução", "Itens de Solução", "{B250D98E-5C04-40E5-9F82-9781E567A79F}"
EndProject
Global
	GlobalSection(SolutionConfigurationPlatforms) = preSolution
		Debug|Any CPU = Debug|Any CPU
		Release|Any CPU = Release|Any CPU
	EndGlobalSection
	GlobalSection(ProjectConfigurationPlatforms) = postSolution
		{1E1EE09E-40DF-4FD6-8A03-798F85BBC793}.Debug|Any CPU.ActiveCfg = Debug|Any CPU
		{1E1EE09E-40DF-4FD6-8A03-798F85BBC793}.Debug|Any CPU.Build.0 = Debug|Any CPU
		{1E1EE09E-40DF-4FD6-8A03-798F85BBC793}.Release|Any CPU.ActiveCfg = Release|Any CPU
		{1E1EE09E-40DF-4FD6-8A03-798F85BBC793}.Release|Any CPU.Build.0 = Release|Any CPU
	EndGlobalSection
	GlobalSection(SolutionProperties) = preSolution
		HideSolutionNode = FALSE
	EndGlobalSection
	GlobalSection(ExtensibilityGlobals) = postSolution
		SolutionGuid = {9EF10482-41A6-48E9-A1C3-5061B3169ACC}
	EndGlobalSection
EndGlobal
